
Microsoft Visual Studio Solution File, Format Version 12.00
# Visual Studio Version 17
VisualStudioVersion = 17.0.31903.59
MinimumVisualStudioVersion = 10.0.40219.1
Project("{2150E333-8FDC-42A3-9474-1A3956D46DE8}") = "src", "src", "{BB17C45F-1111-462E-A6C6-AFCCF64E90AD}"
EndProject
Project("{FAE04EC0-301F-11D3-BF4B-00C04F79EFBC}") = "CVmaker.Core", "src\CVmaker.Core\CVmaker.Core.csproj", "{6700A022-420A-433D-8B7F-07139FF9ABC7}"
EndProject
Project("{FAE04EC0-301F-11D3-BF4B-00C04F79EFBC}") = "CVmaker.App", "src\CVmaker.App\CVmaker.App.csproj", "{ED527E6A-3286-4C8F-9296-A04B1A7DA45D}"
EndProject
Project("{2150E333-8FDC-42A3-9474-1A3956D46DE8}") = "tests", "tests", "{7C12B38E-3792-4E5D-AB75-7FF839CFA0A2}"
EndProject
Project("{FAE04EC0-301F-11D3-BF4B-00C04F79EFBC}") = "CVmaker.Core.Tests", "tests\CVmaker.Core.Tests\CVmaker.Core.Tests.csproj", "{8686844C-6BC9-4FEE-B72A-20E91E7B2A58}"
EndProject
Project("{2150E333-8FDC-42A3-9474-1A3956D46DE8}") = "tools", "tools", "{E5881B7D-599B-4B88-9EF1-11F29F072F2D}"
EndProject
Project("{FAE04EC0-301F-11D3-BF4B-00C04F79EFBC}") = "MemProbe", "tools\MemProbe\MemProbe.csproj", "{6A565569-316F-426E-BAE9-951E6160FA21}"
EndProject
Project("{FAE04EC0-301F-11D3-BF4B-00C04F79EFBC}") = "AudioProbe", "tools\AudioProbe\AudioProbe.csproj", "{4163C33C-DECF-4FBD-BEE8-0D8B8D0223FC}"
EndProject
Global
	GlobalSection(SolutionConfigurationPlatforms) = preSolution
		Debug|Any CPU = Debug|Any CPU
		Release|Any CPU = Release|Any CPU
	EndGlobalSection
	GlobalSection(SolutionProperties) = preSolution
		HideSolutionNode = FALSE
	EndGlobalSection
	GlobalSection(ProjectConfigurationPlatforms) = postSolution
		{6700A022-420A-433D-8B7F-07139FF9ABC7}.Debug|Any CPU.ActiveCfg = Debug|Any CPU
		{6700A022-420A-433D-8B7F-07139FF9ABC7}.Debug|Any CPU.Build.0 = Debug|Any CPU
		{6700A022-420A-433D-8B7F-07139FF9ABC7}.Release|Any CPU.ActiveCfg = Release|Any CPU
		{6700A022-420A-433D-8B7F-07139FF9ABC7}.Release|Any CPU.Build.0 = Release|Any CPU
		{ED527E6A-3286-4C8F-9296-A04B1A7DA45D}.Debug|Any CPU.ActiveCfg = Debug|Any CPU
		{ED527E6A-3286-4C8F-9296-A04B1A7DA45D}.Debug|Any CPU.Build.0 = Debug|Any CPU
		{ED527E6A-3286-4C8F-9296-A04B1A7DA45D}.Release|Any CPU.ActiveCfg = Release|Any CPU
		{ED527E6A-3286-4C8F-9296-A04B1A7DA45D}.Release|Any CPU.Build.0 = Release|Any CPU
		{8686844C-6BC9-4FEE-B72A-20E91E7B2A58}.Debug|Any CPU.ActiveCfg = Debug|Any CPU
		{8686844C-6BC9-4FEE-B72A-20E91E7B2A58}.Debug|Any CPU.Build.0 = Debug|Any CPU
		{8686844C-6BC9-4FEE-B72A-20E91E7B2A58}.Release|Any CPU.ActiveCfg = Release|Any CPU
		{8686844C-6BC9-4FEE-B72A-20E91E7B2A58}.Release|Any CPU.Build.0 = Release|Any CPU
		{6A565569-316F-426E-BAE9-951E6160FA21}.Debug|Any CPU.ActiveCfg = Debug|Any CPU
		{6A565569-316F-426E-BAE9-951E6160FA21}.Debug|Any CPU.Build.0 = Debug|Any CPU
		{6A565569-316F-426E-BAE9-951E6160FA21}.Release|Any CPU.ActiveCfg = Release|Any CPU
		{6A565569-316F-426E-BAE9-951E6160FA21}.Release|Any CPU.Build.0 = Release|Any CPU
		{4163C33C-DECF-4FBD-BEE8-0D8B8D0223FC}.Debug|Any CPU.ActiveCfg = Debug|Any CPU
		{4163C33C-DECF-4FBD-BEE8-0D8B8D0223FC}.Debug|Any CPU.Build.0 = Debug|Any CPU
		{4163C33C-DECF-4FBD-BEE8-0D8B8D0223FC}.Release|Any CPU.ActiveCfg = Release|Any CPU
		{4163C33C-DECF-4FBD-BEE8-0D8B8D0223FC}.Release|Any CPU.Build.0 = Release|Any CPU
	EndGlobalSection
	GlobalSection(NestedProjects) = preSolution
		{6700A022-420A-433D-8B7F-07139FF9ABC7} = {BB17C45F-1111-462E-A6C6-AFCCF64E90AD}
		{ED527E6A-3286-4C8F-9296-A04B1A7DA45D} = {BB17C45F-1111-462E-A6C6-AFCCF64E90AD}
		{8686844C-6BC9-4FEE-B72A-20E91E7B2A58} = {7C12B38E-3792-4E5D-AB75-7FF839CFA0A2}
		{6A565569-316F-426E-BAE9-951E6160FA21} = {E5881B7D-599B-4B88-9EF1-11F29F072F2D}
		{4163C33C-DECF-4FBD-BEE8-0D8B8D0223FC} = {E5881B7D-599B-4B88-9EF1-11F29F072F2D}
	EndGlobalSection
EndGlobal
